
Microsoft Visual Studio Solution File, Format Version 12.00
# Visual Studio Version 16
VisualStudioVersion = 16.0.31729.503
MinimumVisualStudioVersion = 10.0.40219.1
Project("{FAE04EC0-301F-11D3-BF4B-00C04F79EFBC}") = "Covertir de numero a caracter", "Covertir de numero a caracter\Covertir de numero a caracter.csproj", "{0F0ED8BD-6061-4557-A4B5-C10F57E1D52F}"
EndProject
Global
	GlobalSection(SolutionConfigurationPlatforms) = preSolution
		Debug|Any CPU = Debug|Any CPU
		Release|Any CPU = Release|Any CPU
	EndGlobalSection
	GlobalSection(ProjectConfigurationPlatforms) = postSolution
		{0F0ED8BD-6061-4557-A4B5-C10F57E1D52F}.Debug|Any CPU.ActiveCfg = Debug|Any CPU
		{0F0ED8BD-6061-4557-A4B5-C10F57E1D52F}.Debug|Any CPU.Build.0 = Debug|Any CPU
		{0F0ED8BD-6061-4557-A4B5-C10F57E1D52F}.Release|Any CPU.ActiveCfg = Release|Any CPU
		{0F0ED8BD-6061-4557-A4B5-C10F57E1D52F}.Release|Any CPU.Build.0 = Release|Any CPU
	EndGlobalSection
	GlobalSection(SolutionProperties) = preSolution
		HideSolutionNode = FALSE
	EndGlobalSection
	GlobalSection(ExtensibilityGlobals) = postSolution
		SolutionGuid = {555E21B4-0287-4A52-ACE1-4BD00E4330D7}
	EndGlobalSection
EndGlobal
